
Microsoft Visual Studio Solution File, Format Version 12.00
# Visual Studio Version 16
VisualStudioVersion = 16.0.31005.135
MinimumVisualStudioVersion = 10.0.40219.1
Project("{FAE04EC0-301F-11D3-BF4B-00C04F79EFBC}") = "BankPlugin", "BankPlugin\BankPlugin.csproj", "{DE1E3FB4-F9C9-4351-AC2B-03D118EAE68B}"
EndProject
Global
	GlobalSection(SolutionConfigurationPlatforms) = preSolution
		Debug|Any CPU = Debug|Any CPU
		Debug|x64 = Debug|x64
		Release|Any CPU = Release|Any CPU
		Release|x64 = Release|x64
	EndGlobalSection
	GlobalSection(ProjectConfigurationPlatforms) = postSolution
		{DE1E3FB4-F9C9-4351-AC2B-03D118EAE68B}.Debug|Any CPU.ActiveCfg = Debug|x64
		{DE1E3FB4-F9C9-4351-AC2B-03D118EAE68B}.Debug|Any CPU.Build.0 = Debug|x64
		{DE1E3FB4-F9C9-4351-AC2B-03D118EAE68B}.Debug|x64.ActiveCfg = Debug|x64
		{DE1E3FB4-F9C9-4351-AC2B-03D118EAE68B}.Debug|x64.Build.0 = Debug|x64
		{DE1E3FB4-F9C9-4351-AC2B-03D118EAE68B}.Release|Any CPU.ActiveCfg = Release|x64
		{DE1E3FB4-F9C9-4351-AC2B-03D118EAE68B}.Release|Any CPU.Build.0 = Release|x64
		{DE1E3FB4-F9C9-4351-AC2B-03D118EAE68B}.Release|x64.ActiveCfg = Release|x64
		{DE1E3FB4-F9C9-4351-AC2B-03D118EAE68B}.Release|x64.Build.0 = Release|x64
	EndGlobalSection
	GlobalSection(SolutionProperties) = preSolution
		HideSolutionNode = FALSE
	EndGlobalSection
	GlobalSection(ExtensibilityGlobals) = postSolution
		SolutionGuid = {7CDA5308-9603-4BAE-8BBE-32BDB64E5A1B}
	EndGlobalSection
EndGlobal
